PODS:
  - audio_session (0.0.1):
    - Flutter
  - dart_vlc (0.0.1):
    - Flutter
    - MobileVLCKit (~> 3.3.0)
  - Flutter (1.0.0)
  - just_audio (0.0.1):
    - Flutter
  - MobileVLCKit (3.3.17)
  - music_player (0.0.1):
    - Flutter
    - SwiftAudio (~> 0.11.2)
  - path_provider_ios (0.0.1):
    - Flutter
  - shared_preferences_ios (0.0.1):
    - Flutter
  - SwiftAudio (0.11.2)
  - system_clock (0.0.1):
    - Flutter
  - url_launcher_ios (0.0.1):
    - Flutter

DEPENDENCIES:
  - audio_session (from `.symlinks/plugins/audio_session/ios`)
  - dart_vlc (from `.symlinks/plugins/dart_vlc/ios`)
  - Flutter (from `Flutter`)
  - just_audio (from `.symlinks/plugins/just_audio/ios`)
  - music_player (from `.symlinks/plugins/music_player/ios`)
  - path_provider_ios (from `.symlinks/plugins/path_provider_ios/ios`)
  - shared_preferences_ios (from `.symlinks/plugins/shared_preferences_ios/ios`)
  - system_clock (from `.symlinks/plugins/system_clock/ios`)
  - url_launcher_ios (from `.symlinks/plugins/url_launcher_ios/ios`)

SPEC REPOS:
  trunk:
    - MobileVLCKit
    - SwiftAudio

EXTERNAL SOURCES:
  audio_session:
    :path: ".symlinks/plugins/audio_session/ios"
  dart_vlc:
    :path: ".symlinks/plugins/dart_vlc/ios"
  Flutter:
    :path: Flutter
  just_audio:
    :path: ".symlinks/plugins/just_audio/ios"
  music_player:
    :path: ".symlinks/plugins/music_player/ios"
  path_provider_ios:
    :path: ".symlinks/plugins/path_provider_ios/ios"
  shared_preferences_ios:
    :path: ".symlinks/plugins/shared_preferences_ios/ios"
  system_clock:
    :path: ".symlinks/plugins/system_clock/ios"
  url_launcher_ios:
    :path: ".symlinks/plugins/url_launcher_ios/ios"

SPEC CHECKSUMS:
  audio_session: 4f3e461722055d21515cf3261b64c973c062f345
  dart_vlc: d168523a627873627f9cecdf061915a0834e407a
  Flutter: 50d75fe2f02b26cc09d224853bb45737f8b3214a
  just_audio: baa7252489dbcf47a4c7cc9ca663e9661c99aafa
  MobileVLCKit: c5dd1b0ae933dc9c2348099840e753496dcdd908
  music_player: 9c268ba7e6f092ffd11fea0510ffdf5ebe6716de
  path_provider_ios: 14f3d2fd28c4fdb42f44e0f751d12861c43cee02
  shared_preferences_ios: 548a61f8053b9b8a49ac19c1ffbc8b92c50d68ad
  SwiftAudio: 217f5f184b27a0e25ff0fe7647021f05a21c06c9
  system_clock: 3efb51d18e565092e2a97bc605c6255f328bd13a
  url_launcher_ios: 839c58cdb4279282219f5e248c3321761ff3c4de

PODFILE CHECKSUM: fe0e1ee7f3d1f7d00b11b474b62dd62134535aea

COCOAPODS: 1.11.3
